<?xml version="1.0" encoding="utf-8"?>
<Project ToolsVersion="4.0" xmlns="http://schemas.microsoft.com/developer/msbuild/2003">
  <ItemGroup>
    <Filter Include="tests">
      <UniqueIdentifier>{a1111111-1111-1111-1111-111111111111}</UniqueIdentifier>
    </Filter>
    <Filter Include="benchmarks">
      <UniqueIdentifier>{b2222222-2222-2222-2222-222222222222}</UniqueIdentifier>
    </Filter>
    <Filter Include="sample">
      <UniqueIdentifier>{c3333333-3333-3333-3333-333333333333}</UniqueIdentifier>
    </Filter>
  </ItemGroup>
  <ItemGroup>
    <ClCompile Include="access.cpp" />
    <ClCompile Include="fatal.cpp" />
    <ClCompile Include="guarded.cpp" />
    <ClCompile Include="main.cpp" />
    <ClCompile Include="mem_profile.cpp" />
    <ClCompile Include="scheduler.cpp" />
    <ClCompile Include="static_task_graph.cpp" />
    <ClCompile Include="worker_thread.cpp" />
    <ClCompile Include="benchmarks\benchmarks.cpp">
      <Filter>benchmarks</Filter>
    </ClCompile>
    <ClCompile Include="sample\blackboard.cpp">
      <Filter>sample</Filter>
    </ClCompile>
    <ClCompile Include="sample\engine.cpp">
      <Filter>sample</Filter>
    </ClCompile>
    <ClCompile Include="sample\frame.cpp">
      <Filter>sample</Filter>
    </ClCompile>
    <ClCompile Include="sample\physics.cpp">
      <Filter>sample</Filter>
    </ClCompile>
    <ClCompile Include="sample\systems.cpp">
      <Filter>sample</Filter>
    </ClCompile>
    <ClCompile Include="tests\access_tests.cpp">
      <Filter>tests</Filter>
    </ClCompile>
    <ClCompile Include="tests\coroutine_tests.cpp">
      <Filter>tests</Filter>
    </ClCompile>
    <ClCompile Include="tests\deferred_tests.cpp">
      <Filter>tests</Filter>
    </ClCompile>
    <ClCompile Include="tests\graph_tests.cpp">
      <Filter>tests</Filter>
    </ClCompile>
    <ClCompile Include="tests\guarded_tests.cpp">
      <Filter>tests</Filter>
    </ClCompile>
    <ClCompile Include="tests\harness.cpp">
      <Filter>tests</Filter>
    </ClCompile>
    <ClCompile Include="tests\integration_tests.cpp">
      <Filter>tests</Filter>
    </ClCompile>
    <ClCompile Include="tests\parallel_tests.cpp">
      <Filter>tests</Filter>
    </ClCompile>
    <ClCompile Include="tests\scheduler_tests.cpp">
      <Filter>tests</Filter>
    </ClCompile>
    <ClCompile Include="tests\task_tests.cpp">
      <Filter>tests</Filter>
    </ClCompile>
    <ClCompile Include="tests\tests.cpp">
      <Filter>tests</Filter>
    </ClCompile>
    <ClCompile Include="tests\versioned_tests.cpp">
      <Filter>tests</Filter>
    </ClCompile>
  </ItemGroup>
  <ItemGroup>
    <ClInclude Include="access.h" />
    <ClInclude Include="coroutine_support.h" />
    <ClInclude Include="deferred.h" />
    <ClInclude Include="event_count.h" />
    <ClInclude Include="fatal.h" />
    <ClInclude Include="guarded.h" />
    <ClInclude Include="journal.h" />
    <ClInclude Include="mem_profile.h" />
    <ClInclude Include="mpmc_queue.h" />
    <ClInclude Include="parallel_for.h" />
    <ClInclude Include="priority.h" />
    <ClInclude Include="ref_count.h" />
    <ClInclude Include="scheduler.h" />
    <ClInclude Include="static_task_graph.h" />
    <ClInclude Include="task.h" />
    <ClInclude Include="ts.h" />
    <ClInclude Include="version.h" />
    <ClInclude Include="versioned.h" />
    <ClInclude Include="work_stealing_deque.h" />
    <ClInclude Include="worker_thread.h" />
    <ClInclude Include="benchmarks\benchmarks.h">
      <Filter>benchmarks</Filter>
    </ClInclude>
    <ClInclude Include="sample\engine.h">
      <Filter>sample</Filter>
    </ClInclude>
    <ClInclude Include="sample\frame.h">
      <Filter>sample</Filter>
    </ClInclude>
    <ClInclude Include="sample\parallel.h">
      <Filter>sample</Filter>
    </ClInclude>
    <ClInclude Include="sample\physics.h">
      <Filter>sample</Filter>
    </ClInclude>
    <ClInclude Include="sample\systems.h">
      <Filter>sample</Filter>
    </ClInclude>
    <ClInclude Include="sample\world.h">
      <Filter>sample</Filter>
    </ClInclude>
    <ClInclude Include="tests\access_tests.h">
      <Filter>tests</Filter>
    </ClInclude>
    <ClInclude Include="tests\coroutine_tests.h">
      <Filter>tests</Filter>
    </ClInclude>
    <ClInclude Include="tests\deferred_tests.h">
      <Filter>tests</Filter>
    </ClInclude>
    <ClInclude Include="tests\graph_tests.h">
      <Filter>tests</Filter>
    </ClInclude>
    <ClInclude Include="tests\guarded_tests.h">
      <Filter>tests</Filter>
    </ClInclude>
    <ClInclude Include="tests\harness.h">
      <Filter>tests</Filter>
    </ClInclude>
    <ClInclude Include="tests\integration_tests.h">
      <Filter>tests</Filter>
    </ClInclude>
    <ClInclude Include="tests\parallel_tests.h">
      <Filter>tests</Filter>
    </ClInclude>
    <ClInclude Include="tests\scheduler_tests.h">
      <Filter>tests</Filter>
    </ClInclude>
    <ClInclude Include="tests\task_tests.h">
      <Filter>tests</Filter>
    </ClInclude>
    <ClInclude Include="tests\test_util.h">
      <Filter>tests</Filter>
    </ClInclude>
    <ClInclude Include="tests\tests.h">
      <Filter>tests</Filter>
    </ClInclude>
    <ClInclude Include="tests\versioned_tests.h">
      <Filter>tests</Filter>
    </ClInclude>
  </ItemGroup>
</Project>
